
Microsoft Visual Studio Solution File, Format Version 12.00
# Visual Studio Version 17
VisualStudioVersion = 17.13.35931.197
MinimumVisualStudioVersion = 10.0.40219.1
Project("{FAE04EC0-301F-11D3-BF4B-00C04F79EFBC}") = "dotnet-playwright-example", "dotnet-playwright-example.csproj", "{378CD9E8-1585-B110-703B-2F1FB4A89BE5}"
EndProject
Global
	GlobalSection(SolutionConfigurationPlatforms) = preSolution
		Debug|Any CPU = Debug|Any CPU
		Release|Any CPU = Release|Any CPU
	EndGlobalSection
	GlobalSection(ProjectConfigurationPlatforms) = postSolution
		{378CD9E8-1585-B110-703B-2F1FB4A89BE5}.Debug|Any CPU.ActiveCfg = Debug|Any CPU
		{378CD9E8-1585-B110-703B-2F1FB4A89BE5}.Debug|Any CPU.Build.0 = Debug|Any CPU
		{378CD9E8-1585-B110-703B-2F1FB4A89BE5}.Release|Any CPU.ActiveCfg = Release|Any CPU
		{378CD9E8-1585-B110-703B-2F1FB4A89BE5}.Release|Any CPU.Build.0 = Release|Any CPU
	EndGlobalSection
	GlobalSection(SolutionProperties) = preSolution
		HideSolutionNode = FALSE
	EndGlobalSection
	GlobalSection(ExtensibilityGlobals) = postSolution
		SolutionGuid = {451B9AD3-1EAC-4426-BA11-A1C5880EA676}
	EndGlobalSection
EndGlobal
